
Microsoft Visual Studio Solution File, Format Version 12.00
# Visual Studio Version 16
VisualStudioVersion = 16.0.29102.190
MinimumVisualStudioVersion = 10.0.40219.1
Project("{2150E333-8FDC-42A3-9474-1A3956D46DE8}") = "Application", "Application", "{8560DBD9-201A-4D8F-BAF7-A6DDEAB3CA3E}"
EndProject
Project("{9A19103F-16F7-4668-BE54-9A1E7A4F7556}") = "Accoon.MMS.Api.Application", "MMS.Api\Accoon.MMS.Api.Application\Accoon.MMS.Api.Application.csproj", "{E5C4B662-4042-4020-91CD-8EF140EB11CA}"
EndProject
Project("{2150E333-8FDC-42A3-9474-1A3956D46DE8}") = "Presenter", "Presenter", "{7206DAF9-1D03-4F2D-9915-2DE746A598B4}"
EndProject
Project("{9A19103F-16F7-4668-BE54-9A1E7A4F7556}") = "Accoon.MMS.Api.Presenter", "MMS.Api\Accoon.MMS.Api.Presenter\Accoon.MMS.Api.Presenter.csproj", "{E8ACC97B-434A-419B-8915-C4A815EF1AE2}"
EndProject
Project("{2150E333-8FDC-42A3-9474-1A3956D46DE8}") = "Domain", "Domain", "{7B177AA2-17AC-431F-8EDC-33D1D0462BF7}"
EndProject
Project("{9A19103F-16F7-4668-BE54-9A1E7A4F7556}") = "Accoon.MMS.Api.Domain", "MMS.Api\Accoon.MMS.Api.Domain\Accoon.MMS.Api.Domain.csproj", "{071EC1A7-F80D-4964-8515-F675E2C41422}"
EndProject
Project("{2150E333-8FDC-42A3-9474-1A3956D46DE8}") = "Infastructure", "Infastructure", "{CE34D721-0629-4083-A55C-68BD41FF2EED}"
EndProject
Project("{9A19103F-16F7-4668-BE54-9A1E7A4F7556}") = "Accoon.MMS.Api.Infastructure", "MMS.Api\Accoon.MMS.Api.Infastructure\Accoon.MMS.Api.Infastructure.csproj", "{6D07ABB0-34DE-40C5-92EC-BD2D375A5633}"
EndProject
Project("{2150E333-8FDC-42A3-9474-1A3956D46DE8}") = "Persistence", "Persistence", "{2648AE13-2C54-4C29-9272-6B39C6557047}"
EndProject
Project("{9A19103F-16F7-4668-BE54-9A1E7A4F7556}") = "Accoon.MMS.Api.Persistence", "MMS.Api\Accoon.MMS.Api.Persistence\Accoon.MMS.Api.Persistence.csproj", "{EA158558-FA8E-487B-B6E0-19B4B5420F29}"
EndProject
Project("{2150E333-8FDC-42A3-9474-1A3956D46DE8}") = "scripts", "scripts", "{91B170E4-79DA-4DFD-A732-D21587D27065}"
	ProjectSection(SolutionItems) = preProject
		.travis.yml = .travis.yml
	EndProjectSection
EndProject
Global
	GlobalSection(SolutionConfigurationPlatforms) = preSolution
		Debug|Any CPU = Debug|Any CPU
		Release|Any CPU = Release|Any CPU
	EndGlobalSection
	GlobalSection(ProjectConfigurationPlatforms) = postSolution
		{E5C4B662-4042-4020-91CD-8EF140EB11CA}.Debug|Any CPU.ActiveCfg = Debug|Any CPU
		{E5C4B662-4042-4020-91CD-8EF140EB11CA}.Debug|Any CPU.Build.0 = Debug|Any CPU
		{E5C4B662-4042-4020-91CD-8EF140EB11CA}.Release|Any CPU.ActiveCfg = Release|Any CPU
		{E5C4B662-4042-4020-91CD-8EF140EB11CA}.Release|Any CPU.Build.0 = Release|Any CPU
		{E8ACC97B-434A-419B-8915-C4A815EF1AE2}.Debug|Any CPU.ActiveCfg = Debug|Any CPU
		{E8ACC97B-434A-419B-8915-C4A815EF1AE2}.Debug|Any CPU.Build.0 = Debug|Any CPU
		{E8ACC97B-434A-419B-8915-C4A815EF1AE2}.Release|Any CPU.ActiveCfg = Release|Any CPU
		{E8ACC97B-434A-419B-8915-C4A815EF1AE2}.Release|Any CPU.Build.0 = Release|Any CPU
		{071EC1A7-F80D-4964-8515-F675E2C41422}.Debug|Any CPU.ActiveCfg = Debug|Any CPU
		{071EC1A7-F80D-4964-8515-F675E2C41422}.Debug|Any CPU.Build.0 = Debug|Any CPU
		{071EC1A7-F80D-4964-8515-F675E2C41422}.Release|Any CPU.ActiveCfg = Release|Any CPU
		{071EC1A7-F80D-4964-8515-F675E2C41422}.Release|Any CPU.Build.0 = Release|Any CPU
		{6D07ABB0-34DE-40C5-92EC-BD2D375A5633}.Debug|Any CPU.ActiveCfg = Debug|Any CPU
		{6D07ABB0-34DE-40C5-92EC-BD2D375A5633}.Debug|Any CPU.Build.0 = Debug|Any CPU
		{6D07ABB0-34DE-40C5-92EC-BD2D375A5633}.Release|Any CPU.ActiveCfg = Release|Any CPU
		{6D07ABB0-34DE-40C5-92EC-BD2D375A5633}.Release|Any CPU.Build.0 = Release|Any CPU
		{EA158558-FA8E-487B-B6E0-19B4B5420F29}.Debug|Any CPU.ActiveCfg = Debug|Any CPU
		{EA158558-FA8E-487B-B6E0-19B4B5420F29}.Debug|Any CPU.Build.0 = Debug|Any CPU
		{EA158558-FA8E-487B-B6E0-19B4B5420F29}.Release|Any CPU.ActiveCfg = Release|Any CPU
		{EA158558-FA8E-487B-B6E0-19B4B5420F29}.Release|Any CPU.Build.0 = Release|Any CPU
	EndGlobalSection
	GlobalSection(SolutionProperties) = preSolution
		HideSolutionNode = FALSE
	EndGlobalSection
	GlobalSection(NestedProjects) = preSolution
		{E5C4B662-4042-4020-91CD-8EF140EB11CA} = {8560DBD9-201A-4D8F-BAF7-A6DDEAB3CA3E}
		{E8ACC97B-434A-419B-8915-C4A815EF1AE2} = {7206DAF9-1D03-4F2D-9915-2DE746A598B4}
		{071EC1A7-F80D-4964-8515-F675E2C41422} = {7B177AA2-17AC-431F-8EDC-33D1D0462BF7}
		{6D07ABB0-34DE-40C5-92EC-BD2D375A5633} = {CE34D721-0629-4083-A55C-68BD41FF2EED}
		{EA158558-FA8E-487B-B6E0-19B4B5420F29} = {2648AE13-2C54-4C29-9272-6B39C6557047}
	EndGlobalSection
	GlobalSection(ExtensibilityGlobals) = postSolution
		SolutionGuid = {69CA2F5A-437C-4999-8911-5912764C75C3}
	EndGlobalSection
EndGlobal
