
Microsoft Visual Studio Solution File, Format Version 12.00
# Visual Studio Version 16
VisualStudioVersion = 16.0.29102.190
MinimumVisualStudioVersion = 10.0.40219.1
Project("{FAE04EC0-301F-11D3-BF4B-00C04F79EFBC}") = "WebApi", "WebApi\WebApi.csproj", "{E20A1811-CEB7-4726-BD4F-5FE5F2ABB24E}"
EndProject
Project("{2150E333-8FDC-42A3-9474-1A3956D46DE8}") = "scripts", "scripts", "{88BC2059-B0CE-4FCF-B187-D412AE52A8B8}"
	ProjectSection(SolutionItems) = preProject
		.travis.yml = .travis.yml
	EndProjectSection
EndProject
Project("{2150E333-8FDC-42A3-9474-1A3956D46DE8}") = "BussinessLayer", "BussinessLayer", "{2BB92A92-0011-4A5F-97C6-48DD8AE8AB15}"
EndProject
Project("{2150E333-8FDC-42A3-9474-1A3956D46DE8}") = "DataAccessLayer", "DataAccessLayer", "{BDAD6D69-A05E-487A-9A2F-54468987C348}"
EndProject
Project("{2150E333-8FDC-42A3-9474-1A3956D46DE8}") = "CrossCutting", "CrossCutting", "{731005E7-EAF9-4702-A2BF-8B44EC507AC6}"
EndProject
Project("{2150E333-8FDC-42A3-9474-1A3956D46DE8}") = "Common", "Common", "{B2F9F0F6-7AAD-4FB6-8E26-DB326E135319}"
EndProject
Project("{FAE04EC0-301F-11D3-BF4B-00C04F79EFBC}") = "MMS.Api.Common", "Common\MMS.Api.Common\MMS.Api.Common.csproj", "{695780C4-1D97-4671-A688-5DC1CA1A3F8D}"
EndProject
Project("{FAE04EC0-301F-11D3-BF4B-00C04F79EFBC}") = "MMS.Api.BussinessServices.Interfaces", "BussinessLayer\MMS.Api.BussinessServices.Interfaces\MMS.Api.BussinessServices.Interfaces.csproj", "{B9ABC075-E1F1-4E3B-A9A7-8E89CA5B2044}"
EndProject
Project("{FAE04EC0-301F-11D3-BF4B-00C04F79EFBC}") = "MMS.Api.BussinessServices.Concrets", "BussinessLayer\MMS.Api.BussinessServices.Concrets\MMS.Api.BussinessServices.Concrets.csproj", "{13443406-42D7-4BB5-B54F-738DC1B77399}"
EndProject
Project("{FAE04EC0-301F-11D3-BF4B-00C04F79EFBC}") = "MMS.Api.DataAccessServices.Interfaces", "DataAccessLayer\MMS.Api.DataAccessServices.Interfaces\MMS.Api.DataAccessServices.Interfaces.csproj", "{9A6AD801-F10C-48CC-83EC-3CDF947F6CDC}"
EndProject
Project("{FAE04EC0-301F-11D3-BF4B-00C04F79EFBC}") = "MMS.Api.DataAccessServices.Concretes", "DataAccessLayer\MMS.Api.DataAccessServices.Concretes\MMS.Api.DataAccessServices.Concretes.csproj", "{505A5C69-B4EA-4568-9FF2-374E0F3DD9D2}"
EndProject
Project("{FAE04EC0-301F-11D3-BF4B-00C04F79EFBC}") = "MMS.Api.BussinessLayer.Entities", "BussinessLayer\MMS.Api.BussinessLayer.Entities\MMS.Api.BussinessLayer.Entities.csproj", "{D6234876-C177-42C6-9C55-BF9E6BA1F453}"
EndProject
Project("{FAE04EC0-301F-11D3-BF4B-00C04F79EFBC}") = "MMS.Api.DataAccessServices.Entities", "DataAccessLayer\MMS.Api.DataAccessServices.Entities\MMS.Api.DataAccessServices.Entities.csproj", "{D7F73645-04C2-44F7-A5FA-9C56D988B819}"
EndProject
Global
	GlobalSection(SolutionConfigurationPlatforms) = preSolution
		Debug|Any CPU = Debug|Any CPU
		Release|Any CPU = Release|Any CPU
	EndGlobalSection
	GlobalSection(ProjectConfigurationPlatforms) = postSolution
		{E20A1811-CEB7-4726-BD4F-5FE5F2ABB24E}.Debug|Any CPU.ActiveCfg = Debug|Any CPU
		{E20A1811-CEB7-4726-BD4F-5FE5F2ABB24E}.Debug|Any CPU.Build.0 = Debug|Any CPU
		{E20A1811-CEB7-4726-BD4F-5FE5F2ABB24E}.Release|Any CPU.ActiveCfg = Release|Any CPU
		{E20A1811-CEB7-4726-BD4F-5FE5F2ABB24E}.Release|Any CPU.Build.0 = Release|Any CPU
		{695780C4-1D97-4671-A688-5DC1CA1A3F8D}.Debug|Any CPU.ActiveCfg = Debug|Any CPU
		{695780C4-1D97-4671-A688-5DC1CA1A3F8D}.Debug|Any CPU.Build.0 = Debug|Any CPU
		{695780C4-1D97-4671-A688-5DC1CA1A3F8D}.Release|Any CPU.ActiveCfg = Release|Any CPU
		{695780C4-1D97-4671-A688-5DC1CA1A3F8D}.Release|Any CPU.Build.0 = Release|Any CPU
		{B9ABC075-E1F1-4E3B-A9A7-8E89CA5B2044}.Debug|Any CPU.ActiveCfg = Debug|Any CPU
		{B9ABC075-E1F1-4E3B-A9A7-8E89CA5B2044}.Debug|Any CPU.Build.0 = Debug|Any CPU
		{B9ABC075-E1F1-4E3B-A9A7-8E89CA5B2044}.Release|Any CPU.ActiveCfg = Release|Any CPU
		{B9ABC075-E1F1-4E3B-A9A7-8E89CA5B2044}.Release|Any CPU.Build.0 = Release|Any CPU
		{13443406-42D7-4BB5-B54F-738DC1B77399}.Debug|Any CPU.ActiveCfg = Debug|Any CPU
		{13443406-42D7-4BB5-B54F-738DC1B77399}.Debug|Any CPU.Build.0 = Debug|Any CPU
		{13443406-42D7-4BB5-B54F-738DC1B77399}.Release|Any CPU.ActiveCfg = Release|Any CPU
		{13443406-42D7-4BB5-B54F-738DC1B77399}.Release|Any CPU.Build.0 = Release|Any CPU
		{9A6AD801-F10C-48CC-83EC-3CDF947F6CDC}.Debug|Any CPU.ActiveCfg = Debug|Any CPU
		{9A6AD801-F10C-48CC-83EC-3CDF947F6CDC}.Debug|Any CPU.Build.0 = Debug|Any CPU
		{9A6AD801-F10C-48CC-83EC-3CDF947F6CDC}.Release|Any CPU.ActiveCfg = Release|Any CPU
		{9A6AD801-F10C-48CC-83EC-3CDF947F6CDC}.Release|Any CPU.Build.0 = Release|Any CPU
		{505A5C69-B4EA-4568-9FF2-374E0F3DD9D2}.Debug|Any CPU.ActiveCfg = Debug|Any CPU
		{505A5C69-B4EA-4568-9FF2-374E0F3DD9D2}.Debug|Any CPU.Build.0 = Debug|Any CPU
		{505A5C69-B4EA-4568-9FF2-374E0F3DD9D2}.Release|Any CPU.ActiveCfg = Release|Any CPU
		{505A5C69-B4EA-4568-9FF2-374E0F3DD9D2}.Release|Any CPU.Build.0 = Release|Any CPU
		{D6234876-C177-42C6-9C55-BF9E6BA1F453}.Debug|Any CPU.ActiveCfg = Debug|Any CPU
		{D6234876-C177-42C6-9C55-BF9E6BA1F453}.Debug|Any CPU.Build.0 = Debug|Any CPU
		{D6234876-C177-42C6-9C55-BF9E6BA1F453}.Release|Any CPU.ActiveCfg = Release|Any CPU
		{D6234876-C177-42C6-9C55-BF9E6BA1F453}.Release|Any CPU.Build.0 = Release|Any CPU
		{D7F73645-04C2-44F7-A5FA-9C56D988B819}.Debug|Any CPU.ActiveCfg = Debug|Any CPU
		{D7F73645-04C2-44F7-A5FA-9C56D988B819}.Debug|Any CPU.Build.0 = Debug|Any CPU
		{D7F73645-04C2-44F7-A5FA-9C56D988B819}.Release|Any CPU.ActiveCfg = Release|Any CPU
		{D7F73645-04C2-44F7-A5FA-9C56D988B819}.Release|Any CPU.Build.0 = Release|Any CPU
	EndGlobalSection
	GlobalSection(SolutionProperties) = preSolution
		HideSolutionNode = FALSE
	EndGlobalSection
	GlobalSection(NestedProjects) = preSolution
		{695780C4-1D97-4671-A688-5DC1CA1A3F8D} = {B2F9F0F6-7AAD-4FB6-8E26-DB326E135319}
		{B9ABC075-E1F1-4E3B-A9A7-8E89CA5B2044} = {2BB92A92-0011-4A5F-97C6-48DD8AE8AB15}
		{13443406-42D7-4BB5-B54F-738DC1B77399} = {2BB92A92-0011-4A5F-97C6-48DD8AE8AB15}
		{9A6AD801-F10C-48CC-83EC-3CDF947F6CDC} = {BDAD6D69-A05E-487A-9A2F-54468987C348}
		{505A5C69-B4EA-4568-9FF2-374E0F3DD9D2} = {BDAD6D69-A05E-487A-9A2F-54468987C348}
		{D6234876-C177-42C6-9C55-BF9E6BA1F453} = {2BB92A92-0011-4A5F-97C6-48DD8AE8AB15}
		{D7F73645-04C2-44F7-A5FA-9C56D988B819} = {BDAD6D69-A05E-487A-9A2F-54468987C348}
	EndGlobalSection
	GlobalSection(ExtensibilityGlobals) = postSolution
		SolutionGuid = {42D20E6A-9B39-481D-A5FE-68EA0ADE5F54}
	EndGlobalSection
EndGlobal
